
Microsoft Visual Studio Solution File, Format Version 12.00
# Visual Studio Version 16
VisualStudioVersion = 16.0.29215.179
MinimumVisualStudioVersion = 10.0.40219.1
Project("{FAE04EC0-301F-11D3-BF4B-00C04F79EFBC}") = "SpreadsheetGUI", "SpreadsheetGUI\SpreadsheetGUI.csproj", "{7E8C1858-EFED-457C-9B2E-AFEB1B79AFBA}"
EndProject
Project("{FAE04EC0-301F-11D3-BF4B-00C04F79EFBC}") = "Resources", "Resources\Resources.csproj", "{262C4B9B-B908-4F07-BAA7-853E923A98DF}"
EndProject
Project("{9A19103F-16F7-4668-BE54-9A1E7A4F7556}") = "SpreadsheetGUIController", "SpreadsheetGUIController\SpreadsheetGUIController.csproj", "{FC0892B4-61D3-4238-BC5E-A56E0B1B08F5}"
EndProject
Project("{9A19103F-16F7-4668-BE54-9A1E7A4F7556}") = "SpreadsheetGUIModel", "SpreadsheetGUIModel\SpreadsheetGUIModel.csproj", "{7A760A85-C82D-4969-8AD1-A866E1E3378A}"
EndProject
Project("{FAE04EC0-301F-11D3-BF4B-00C04F79EFBC}") = "SpreadsheetPanel", "SpreadsheetPanel\SpreadsheetPanel.csproj", "{3B25F0D8-7CB2-4D5D-BBF2-D25E2830CDB6}"
EndProject
Project("{FAE04EC0-301F-11D3-BF4B-00C04F79EFBC}") = "SpreadsheetGUIEvents", "SpreadsheetGUIEvents\SpreadsheetGUIEvents.csproj", "{9AEE9600-2828-4C94-9693-57F392A974C0}"
EndProject
Project("{54435603-DBB4-11D2-8724-00A0C9A8B90C}") = "Lab12", "Lab12\Lab12.vdproj", "{F52AB9A5-6927-4A2A-A75A-05671AA1E39C}"
EndProject
Global
	GlobalSection(SolutionConfigurationPlatforms) = preSolution
		Debug|Any CPU = Debug|Any CPU
		Release|Any CPU = Release|Any CPU
	EndGlobalSection
	GlobalSection(ProjectConfigurationPlatforms) = postSolution
		{7E8C1858-EFED-457C-9B2E-AFEB1B79AFBA}.Debug|Any CPU.ActiveCfg = Debug|Any CPU
		{7E8C1858-EFED-457C-9B2E-AFEB1B79AFBA}.Debug|Any CPU.Build.0 = Debug|Any CPU
		{7E8C1858-EFED-457C-9B2E-AFEB1B79AFBA}.Release|Any CPU.ActiveCfg = Release|Any CPU
		{7E8C1858-EFED-457C-9B2E-AFEB1B79AFBA}.Release|Any CPU.Build.0 = Release|Any CPU
		{262C4B9B-B908-4F07-BAA7-853E923A98DF}.Debug|Any CPU.ActiveCfg = Debug|Any CPU
		{262C4B9B-B908-4F07-BAA7-853E923A98DF}.Release|Any CPU.ActiveCfg = Release|Any CPU
		{262C4B9B-B908-4F07-BAA7-853E923A98DF}.Release|Any CPU.Build.0 = Release|Any CPU
		{FC0892B4-61D3-4238-BC5E-A56E0B1B08F5}.Debug|Any CPU.ActiveCfg = Debug|Any CPU
		{FC0892B4-61D3-4238-BC5E-A56E0B1B08F5}.Debug|Any CPU.Build.0 = Debug|Any CPU
		{FC0892B4-61D3-4238-BC5E-A56E0B1B08F5}.Release|Any CPU.ActiveCfg = Release|Any CPU
		{FC0892B4-61D3-4238-BC5E-A56E0B1B08F5}.Release|Any CPU.Build.0 = Release|Any CPU
		{7A760A85-C82D-4969-8AD1-A866E1E3378A}.Debug|Any CPU.ActiveCfg = Debug|Any CPU
		{7A760A85-C82D-4969-8AD1-A866E1E3378A}.Debug|Any CPU.Build.0 = Debug|Any CPU
		{7A760A85-C82D-4969-8AD1-A866E1E3378A}.Release|Any CPU.ActiveCfg = Release|Any CPU
		{7A760A85-C82D-4969-8AD1-A866E1E3378A}.Release|Any CPU.Build.0 = Release|Any CPU
		{3B25F0D8-7CB2-4D5D-BBF2-D25E2830CDB6}.Debug|Any CPU.ActiveCfg = Debug|Any CPU
		{3B25F0D8-7CB2-4D5D-BBF2-D25E2830CDB6}.Debug|Any CPU.Build.0 = Debug|Any CPU
		{3B25F0D8-7CB2-4D5D-BBF2-D25E2830CDB6}.Release|Any CPU.ActiveCfg = Release|Any CPU
		{3B25F0D8-7CB2-4D5D-BBF2-D25E2830CDB6}.Release|Any CPU.Build.0 = Release|Any CPU
		{9AEE9600-2828-4C94-9693-57F392A974C0}.Debug|Any CPU.ActiveCfg = Debug|Any CPU
		{9AEE9600-2828-4C94-9693-57F392A974C0}.Debug|Any CPU.Build.0 = Debug|Any CPU
		{9AEE9600-2828-4C94-9693-57F392A974C0}.Release|Any CPU.ActiveCfg = Release|Any CPU
		{9AEE9600-2828-4C94-9693-57F392A974C0}.Release|Any CPU.Build.0 = Release|Any CPU
		{F52AB9A5-6927-4A2A-A75A-05671AA1E39C}.Debug|Any CPU.ActiveCfg = Debug
		{F52AB9A5-6927-4A2A-A75A-05671AA1E39C}.Release|Any CPU.ActiveCfg = Release
	EndGlobalSection
	GlobalSection(SolutionProperties) = preSolution
		HideSolutionNode = FALSE
	EndGlobalSection
	GlobalSection(ExtensibilityGlobals) = postSolution
		SolutionGuid = {C01C167E-0082-4701-85D5-ABB3040BD0A2}
	EndGlobalSection
EndGlobal
