
Microsoft Visual Studio Solution File, Format Version 12.00
# Visual Studio Version 16
VisualStudioVersion = 16.0.29215.179
MinimumVisualStudioVersion = 10.0.40219.1
Project("{FAE04EC0-301F-11D3-BF4B-00C04F79EFBC}") = "TipCalculator", "TipCalculator\TipCalculator.csproj", "{6EDC441E-E9CF-4336-8FB2-D97E1B8C85D9}"
EndProject
Global
	GlobalSection(SolutionConfigurationPlatforms) = preSolution
		Debug|Any CPU = Debug|Any CPU
		Release|Any CPU = Release|Any CPU
	EndGlobalSection
	GlobalSection(ProjectConfigurationPlatforms) = postSolution
		{6EDC441E-E9CF-4336-8FB2-D97E1B8C85D9}.Debug|Any CPU.ActiveCfg = Debug|Any CPU
		{6EDC441E-E9CF-4336-8FB2-D97E1B8C85D9}.Debug|Any CPU.Build.0 = Debug|Any CPU
		{6EDC441E-E9CF-4336-8FB2-D97E1B8C85D9}.Release|Any CPU.ActiveCfg = Release|Any CPU
		{6EDC441E-E9CF-4336-8FB2-D97E1B8C85D9}.Release|Any CPU.Build.0 = Release|Any CPU
	EndGlobalSection
	GlobalSection(SolutionProperties) = preSolution
		HideSolutionNode = FALSE
	EndGlobalSection
	GlobalSection(ExtensibilityGlobals) = postSolution
		SolutionGuid = {BFCDE626-1765-4CEF-B884-FBB395213D50}
	EndGlobalSection
EndGlobal
